// !$*UTF8*$!
{
	archiveVersion = 1;
	classes = {
	};
	objectVersion = 46;
	objects = {

/* Begin PBXBuildFile section */
		2310EECA97AE580CD8ADB5BC /* libPods-TwitterClientTests.a in Frameworks */ = {isa = PBXBuildFile; fileRef = 0644B1669EE58C2937F36F9C /* libPods-TwitterClientTests.a */; };
		928CACEC6CEB01BD10934EC9 /* libPods-TwitterClient.a in Frameworks */ = {isa = PBXBuildFile; fileRef = 46901FD4DEF8F413CAFAF9C1 /* libPods-TwitterClient.a */; };
		D906817A1CF78C61007C2840 /* TCAccountManager.m in Sources */ = {isa = PBXBuildFile; fileRef = D90681791CF78C61007C2840 /* TCAccountManager.m */; };
		D906817C1CF78C7B007C2840 /* TCAccountManagerTest.m in Sources */ = {isa = PBXBuildFile; fileRef = D906817B1CF78C7B007C2840 /* TCAccountManagerTest.m */; };
		D980B2581CF6239700CC911E /* Main.storyboard in Resources */ = {isa = PBXBuildFile; fileRef = D980B2561CF6239700CC911E /* Main.storyboard */; };
		D980B25B1CF6239700CC911E /* TwitterClient.xcdatamodeld in Sources */ = {isa = PBXBuildFile; fileRef = D980B2591CF6239700CC911E /* TwitterClient.xcdatamodeld */; };
		D980B25D1CF6239700CC911E /* Assets.xcassets in Resources */ = {isa = PBXBuildFile; fileRef = D980B25C1CF6239700CC911E /* Assets.xcassets */; };
		D980B2601CF6239700CC911E /* LaunchScreen.storyboard in Resources */ = {isa = PBXBuildFile; fileRef = D980B25E1CF6239700CC911E /* LaunchScreen.storyboard */; };
		D980B26B1CF6239700CC911E /* TwitterClientTests.m in Sources */ = {isa = PBXBuildFile; fileRef = D980B26A1CF6239700CC911E /* TwitterClientTests.m */; };
		D980B27B1CF6245800CC911E /* TCAppDelegate.m in Sources */ = {isa = PBXBuildFile; fileRef = D980B2771CF6245800CC911E /* TCAppDelegate.m */; };
		D980B27D1CF6245800CC911E /* TCViewController.m in Sources */ = {isa = PBXBuildFile; fileRef = D980B27A1CF6245800CC911E /* TCViewController.m */; };
		D980B2801CF6247D00CC911E /* main.m in Sources */ = {isa = PBXBuildFile; fileRef = D980B27F1CF6247D00CC911E /* main.m */; };
		D980B2831CF6385100CC911E /* Social.framework in Frameworks */ = {isa = PBXBuildFile; fileRef = D980B2821CF6385100CC911E /* Social.framework */; };
		D980B2851CF638CA00CC911E /* Accounts.framework in Frameworks */ = {isa = PBXBuildFile; fileRef = D980B2841CF638CA00CC911E /* Accounts.framework */; };
		D980B2891CF6429A00CC911E /* TCTwitterClient.m in Sources */ = {isa = PBXBuildFile; fileRef = D980B2881CF6429A00CC911E /* TCTwitterClient.m */; };
		EB2110191CF6F62F00D191C0 /* TCAccount+CoreDataProperties.m in Sources */ = {isa = PBXBuildFile; fileRef = EB2110121CF6F62F00D191C0 /* TCAccount+CoreDataProperties.m */; };
		EB21101A1CF6F62F00D191C0 /* TCAccount.m in Sources */ = {isa = PBXBuildFile; fileRef = EB2110141CF6F62F00D191C0 /* TCAccount.m */; };
		EB21101B1CF6F62F00D191C0 /* TCTimeLineItem+CoreDataProperties.m in Sources */ = {isa = PBXBuildFile; fileRef = EB2110161CF6F62F00D191C0 /* TCTimeLineItem+CoreDataProperties.m */; };
		EB21101C1CF6F62F00D191C0 /* TCTimeLineItem.m in Sources */ = {isa = PBXBuildFile; fileRef = EB2110181CF6F62F00D191C0 /* TCTimeLineItem.m */; };
		EB2110201CF6F72D00D191C0 /* NSManagedObjectContext+TwitterClient.m in Sources */ = {isa = PBXBuildFile; fileRef = EB21101F1CF6F72D00D191C0 /* NSManagedObjectContext+TwitterClient.m */; };
		EB2110261CF6FC9900D191C0 /* NSManagedObjectContext+TwitterClientTest.m in Sources */ = {isa = PBXBuildFile; fileRef = EB2110241CF6FC9900D191C0 /* NSManagedObjectContext+TwitterClientTest.m */; };
		EB2110271CF6FC9900D191C0 /* TCTwitterClientTest.m in Sources */ = {isa = PBXBuildFile; fileRef = EB2110251CF6FC9900D191C0 /* TCTwitterClientTest.m */; };
		EB21102B1CF6FCE500D191C0 /* NSManagedObjectContext+TwitterClientTests.m in Sources */ = {isa = PBXBuildFile; fileRef = EB21102A1CF6FCE500D191C0 /* NSManagedObjectContext+TwitterClientTests.m */; };
		EB21102E1CF6FDC400D191C0 /* TCTwitterTimeLineDeserializer.m in Sources */ = {isa = PBXBuildFile; fileRef = EB21102D1CF6FDC400D191C0 /* TCTwitterTimeLineDeserializer.m */; };
		EB2110301CF6FE7C00D191C0 /* TCTwitterTimeLineDeserializerTest.m in Sources */ = {isa = PBXBuildFile; fileRef = EB21102F1CF6FE7C00D191C0 /* TCTwitterTimeLineDeserializerTest.m */; };
		EB2110341CF6FF2F00D191C0 /* TimeLineResponse.json in Resources */ = {isa = PBXBuildFile; fileRef = EB2110331CF6FF2F00D191C0 /* TimeLineResponse.json */; };
		EB2110381CF71F5700D191C0 /* TCTimeLineViewModel.m in Sources */ = {isa = PBXBuildFile; fileRef = EB2110371CF71F5700D191C0 /* TCTimeLineViewModel.m */; };
		EB21103A1CF71F7500D191C0 /* TCTimeLineViewModelTest.m in Sources */ = {isa = PBXBuildFile; fileRef = EB2110391CF71F7500D191C0 /* TCTimeLineViewModelTest.m */; };
		EB21103D1CF7323500D191C0 /* TCInitialViewController.m in Sources */ = {isa = PBXBuildFile; fileRef = EB21103C1CF7323500D191C0 /* TCInitialViewController.m */; };
/* End PBXBuildFile section */

/* Begin PBXContainerItemProxy section */
		D980B2671CF6239700CC911E /* PBXContainerItemProxy */ = {
			isa = PBXContainerItemProxy;
			containerPortal = D980B2421CF6239700CC911E /* Project object */;
			proxyType = 1;
			remoteGlobalIDString = D980B2491CF6239700CC911E;
			remoteInfo = TwitterClient;
		};
/* End PBXContainerItemProxy section */

/* Begin PBXFileReference section */
		0644B1669EE58C2937F36F9C /* libPods-TwitterClientTests.a */ = {isa = PBXFileReference; explicitFileType = archive.ar; includeInIndex = 0; path = "libPods-TwitterClientTests.a"; sourceTree = BUILT_PRODUCTS_DIR; };
		46901FD4DEF8F413CAFAF9C1 /* libPods-TwitterClient.a */ = {isa = PBXFileReference; explicitFileType = archive.ar; includeInIndex = 0; path = "libPods-TwitterClient.a"; sourceTree = BUILT_PRODUCTS_DIR; };
		63F94D44356F4AA0B10918A6 /* Pods-TwitterClientTests.debug.xcconfig */ = {isa = PBXFileReference; includeInIndex = 1; lastKnownFileType = text.xcconfig; name = "Pods-TwitterClientTests.debug.xcconfig"; path = "Pods/Target Support Files/Pods-TwitterClientTests/Pods-TwitterClientTests.debug.xcconfig"; sourceTree = "<group>"; };
		85AAAEEB01BC68D7D3219A21 /* Pods-TwitterClient.release.xcconfig */ = {isa = PBXFileReference; includeInIndex = 1; lastKnownFileType = text.xcconfig; name = "Pods-TwitterClient.release.xcconfig"; path = "Pods/Target Support Files/Pods-TwitterClient/Pods-TwitterClient.release.xcconfig"; sourceTree = "<group>"; };
		C4D7337A4819AFD5A09ABF93 /* Pods-TwitterClient.debug.xcconfig */ = {isa = PBXFileReference; includeInIndex = 1; lastKnownFileType = text.xcconfig; name = "Pods-TwitterClient.debug.xcconfig"; path = "Pods/Target Support Files/Pods-TwitterClient/Pods-TwitterClient.debug.xcconfig"; sourceTree = "<group>"; };
		D90681781CF78C61007C2840 /* TCAccountManager.h */ = {isa = PBXFileReference; fileEncoding = 4; lastKnownFileType = sourcecode.c.h; path = TCAccountManager.h; sourceTree = "<group>"; };
		D90681791CF78C61007C2840 /* TCAccountManager.m */ = {isa = PBXFileReference; fileEncoding = 4; lastKnownFileType = sourcecode.c.objc; path = TCAccountManager.m; sourceTree = "<group>"; };
		D906817B1CF78C7B007C2840 /* TCAccountManagerTest.m */ = {isa = PBXFileReference; fileEncoding = 4; lastKnownFileType = sourcecode.c.objc; path = TCAccountManagerTest.m; sourceTree = "<group>"; };
		D980B24A1CF6239700CC911E /* TwitterClient.app */ = {isa = PBXFileReference; explicitFileType = wrapper.application; includeInIndex = 0; path = TwitterClient.app; sourceTree = BUILT_PRODUCTS_DIR; };
		D980B2571CF6239700CC911E /* Base */ = {isa = PBXFileReference; lastKnownFileType = file.storyboard; name = Base; path = Base.lproj/Main.storyboard; sourceTree = "<group>"; };
		D980B25A1CF6239700CC911E /* TwitterClient.xcdatamodel */ = {isa = PBXFileReference; lastKnownFileType = wrapper.xcdatamodel; path = TwitterClient.xcdatamodel; sourceTree = "<group>"; };
		D980B25C1CF6239700CC911E /* Assets.xcassets */ = {isa = PBXFileReference; lastKnownFileType = folder.assetcatalog; path = Assets.xcassets; sourceTree = "<group>"; };
		D980B25F1CF6239700CC911E /* Base */ = {isa = PBXFileReference; lastKnownFileType = file.storyboard; name = Base; path = Base.lproj/LaunchScreen.storyboard; sourceTree = "<group>"; };
		D980B2611CF6239700CC911E /* Info.plist */ = {isa = PBXFileReference; lastKnownFileType = text.plist.xml; path = Info.plist; sourceTree = "<group>"; };
		D980B2661CF6239700CC911E /* TwitterClientTests.xctest */ = {isa = PBXFileReference; explicitFileType = wrapper.cfbundle; includeInIndex = 0; path = TwitterClientTests.xctest; sourceTree = BUILT_PRODUCTS_DIR; };
		D980B26A1CF6239700CC911E /* TwitterClientTests.m */ = {isa = PBXFileReference; lastKnownFileType = sourcecode.c.objc; path = TwitterClientTests.m; sourceTree = "<group>"; };
		D980B26C1CF6239700CC911E /* Info.plist */ = {isa = PBXFileReference; lastKnownFileType = text.plist.xml; path = Info.plist; sourceTree = "<group>"; };
		D980B2761CF6245800CC911E /* TCAppDelegate.h */ = {isa = PBXFileReference; fileEncoding = 4; lastKnownFileType = sourcecode.c.h; path = TCAppDelegate.h; sourceTree = "<group>"; };
		D980B2771CF6245800CC911E /* TCAppDelegate.m */ = {isa = PBXFileReference; fileEncoding = 4; lastKnownFileType = sourcecode.c.objc; path = TCAppDelegate.m; sourceTree = "<group>"; };
		D980B2791CF6245800CC911E /* TCViewController.h */ = {isa = PBXFileReference; fileEncoding = 4; lastKnownFileType = sourcecode.c.h; path = TCViewController.h; sourceTree = "<group>"; };
		D980B27A1CF6245800CC911E /* TCViewController.m */ = {isa = PBXFileReference; fileEncoding = 4; lastKnownFileType = sourcecode.c.objc; path = TCViewController.m; sourceTree = "<group>"; };
		D980B27F1CF6247D00CC911E /* main.m */ = {isa = PBXFileReference; fileEncoding = 4; lastKnownFileType = sourcecode.c.objc; path = main.m; sourceTree = "<group>"; };
		D980B2821CF6385100CC911E /* Social.framework */ = {isa = PBXFileReference; lastKnownFileType = wrapper.framework; name = Social.framework; path = System/Library/Frameworks/Social.framework; sourceTree = SDKROOT; };
		D980B2841CF638CA00CC911E /* Accounts.framework */ = {isa = PBXFileReference; lastKnownFileType = wrapper.framework; name = Accounts.framework; path = System/Library/Frameworks/Accounts.framework; sourceTree = SDKROOT; };
		D980B2871CF6429A00CC911E /* TCTwitterClient.h */ = {isa = PBXFileReference; fileEncoding = 4; lastKnownFileType = sourcecode.c.h; path = TCTwitterClient.h; sourceTree = "<group>"; };
		D980B2881CF6429A00CC911E /* TCTwitterClient.m */ = {isa = PBXFileReference; fileEncoding = 4; lastKnownFileType = sourcecode.c.objc; path = TCTwitterClient.m; sourceTree = "<group>"; };
		EB2110111CF6F62F00D191C0 /* TCAccount+CoreDataProperties.h */ = {isa = PBXFileReference; fileEncoding = 4; lastKnownFileType = sourcecode.c.h; path = "TCAccount+CoreDataProperties.h"; sourceTree = "<group>"; };
		EB2110121CF6F62F00D191C0 /* TCAccount+CoreDataProperties.m */ = {isa = PBXFileReference; fileEncoding = 4; lastKnownFileType = sourcecode.c.objc; path = "TCAccount+CoreDataProperties.m"; sourceTree = "<group>"; };
		EB2110131CF6F62F00D191C0 /* TCAccount.h */ = {isa = PBXFileReference; fileEncoding = 4; lastKnownFileType = sourcecode.c.h; path = TCAccount.h; sourceTree = "<group>"; };
		EB2110141CF6F62F00D191C0 /* TCAccount.m */ = {isa = PBXFileReference; fileEncoding = 4; lastKnownFileType = sourcecode.c.objc; path = TCAccount.m; sourceTree = "<group>"; };
		EB2110151CF6F62F00D191C0 /* TCTimeLineItem+CoreDataProperties.h */ = {isa = PBXFileReference; fileEncoding = 4; lastKnownFileType = sourcecode.c.h; path = "TCTimeLineItem+CoreDataProperties.h"; sourceTree = "<group>"; };
		EB2110161CF6F62F00D191C0 /* TCTimeLineItem+CoreDataProperties.m */ = {isa = PBXFileReference; fileEncoding = 4; lastKnownFileType = sourcecode.c.objc; path = "TCTimeLineItem+CoreDataProperties.m"; sourceTree = "<group>"; };
		EB2110171CF6F62F00D191C0 /* TCTimeLineItem.h */ = {isa = PBXFileReference; fileEncoding = 4; lastKnownFileType = sourcecode.c.h; path = TCTimeLineItem.h; sourceTree = "<group>"; };
		EB2110181CF6F62F00D191C0 /* TCTimeLineItem.m */ = {isa = PBXFileReference; fileEncoding = 4; lastKnownFileType = sourcecode.c.objc; path = TCTimeLineItem.m; sourceTree = "<group>"; };
		EB21101E1CF6F72D00D191C0 /* NSManagedObjectContext+TwitterClient.h */ = {isa = PBXFileReference; fileEncoding = 4; lastKnownFileType = sourcecode.c.h; path = "NSManagedObjectContext+TwitterClient.h"; sourceTree = "<group>"; };
		EB21101F1CF6F72D00D191C0 /* NSManagedObjectContext+TwitterClient.m */ = {isa = PBXFileReference; fileEncoding = 4; lastKnownFileType = sourcecode.c.objc; path = "NSManagedObjectContext+TwitterClient.m"; sourceTree = "<group>"; };
		EB2110241CF6FC9900D191C0 /* NSManagedObjectContext+TwitterClientTest.m */ = {isa = PBXFileReference; fileEncoding = 4; lastKnownFileType = sourcecode.c.objc; path = "NSManagedObjectContext+TwitterClientTest.m"; sourceTree = "<group>"; };
		EB2110251CF6FC9900D191C0 /* TCTwitterClientTest.m */ = {isa = PBXFileReference; fileEncoding = 4; lastKnownFileType = sourcecode.c.objc; path = TCTwitterClientTest.m; sourceTree = "<group>"; };
		EB2110291CF6FCE500D191C0 /* NSManagedObjectContext+TwitterClientTests.h */ = {isa = PBXFileReference; fileEncoding = 4; lastKnownFileType = sourcecode.c.h; path = "NSManagedObjectContext+TwitterClientTests.h"; sourceTree = "<group>"; };
		EB21102A1CF6FCE500D191C0 /* NSManagedObjectContext+TwitterClientTests.m */ = {isa = PBXFileReference; fileEncoding = 4; lastKnownFileType = sourcecode.c.objc; path = "NSManagedObjectContext+TwitterClientTests.m"; sourceTree = "<group>"; };
		EB21102C1CF6FDC400D191C0 /* TCTwitterTimeLineDeserializer.h */ = {isa = PBXFileReference; fileEncoding = 4; lastKnownFileType = sourcecode.c.h; path = TCTwitterTimeLineDeserializer.h; sourceTree = "<group>"; };
		EB21102D1CF6FDC400D191C0 /* TCTwitterTimeLineDeserializer.m */ = {isa = PBXFileReference; fileEncoding = 4; lastKnownFileType = sourcecode.c.objc; path = TCTwitterTimeLineDeserializer.m; sourceTree = "<group>"; };
		EB21102F1CF6FE7C00D191C0 /* TCTwitterTimeLineDeserializerTest.m */ = {isa = PBXFileReference; fileEncoding = 4; lastKnownFileType = sourcecode.c.objc; path = TCTwitterTimeLineDeserializerTest.m; sourceTree = "<group>"; };
		EB2110331CF6FF2F00D191C0 /* TimeLineResponse.json */ = {isa = PBXFileReference; fileEncoding = 4; lastKnownFileType = text.json; path = TimeLineResponse.json; sourceTree = "<group>"; };
		EB2110361CF71F5700D191C0 /* TCTimeLineViewModel.h */ = {isa = PBXFileReference; fileEncoding = 4; lastKnownFileType = sourcecode.c.h; path = TCTimeLineViewModel.h; sourceTree = "<group>"; };
		EB2110371CF71F5700D191C0 /* TCTimeLineViewModel.m */ = {isa = PBXFileReference; fileEncoding = 4; lastKnownFileType = sourcecode.c.objc; path = TCTimeLineViewModel.m; sourceTree = "<group>"; };
		EB2110391CF71F7500D191C0 /* TCTimeLineViewModelTest.m */ = {isa = PBXFileReference; fileEncoding = 4; lastKnownFileType = sourcecode.c.objc; path = TCTimeLineViewModelTest.m; sourceTree = "<group>"; };
		EB21103B1CF7323500D191C0 /* TCInitialViewController.h */ = {isa = PBXFileReference; fileEncoding = 4; lastKnownFileType = sourcecode.c.h; path = TCInitialViewController.h; sourceTree = "<group>"; };
		EB21103C1CF7323500D191C0 /* TCInitialViewController.m */ = {isa = PBXFileReference; fileEncoding = 4; lastKnownFileType = sourcecode.c.objc; path = TCInitialViewController.m; sourceTree = "<group>"; };
		F662FB75C2225C903FB7C44E /* Pods-TwitterClientTests.release.xcconfig */ = {isa = PBXFileReference; includeInIndex = 1; lastKnownFileType = text.xcconfig; name = "Pods-TwitterClientTests.release.xcconfig"; path = "Pods/Target Support Files/Pods-TwitterClientTests/Pods-TwitterClientTests.release.xcconfig"; sourceTree = "<group>"; };
/* End PBXFileReference section */

/* Begin PBXFrameworksBuildPhase section */
		D980B2471CF6239700CC911E /* Frameworks */ = {
			isa = PBXFrameworksBuildPhase;
			buildActionMask = 2147483647;
			files = (
				D980B2851CF638CA00CC911E /* Accounts.framework in Frameworks */,
				D980B2831CF6385100CC911E /* Social.framework in Frameworks */,
				928CACEC6CEB01BD10934EC9 /* libPods-TwitterClient.a in Frameworks */,
			);
			runOnlyForDeploymentPostprocessing = 0;
		};
		D980B2631CF6239700CC911E /* Frameworks */ = {
			isa = PBXFrameworksBuildPhase;
			buildActionMask = 2147483647;
			files = (
				2310EECA97AE580CD8ADB5BC /* libPods-TwitterClientTests.a in Frameworks */,
			);
			runOnlyForDeploymentPostprocessing = 0;
		};
/* End PBXFrameworksBuildPhase section */

/* Begin PBXGroup section */
		2FAC65E536BC0500B53F3708 /* Frameworks */ = {
			isa = PBXGroup;
			children = (
				D980B2841CF638CA00CC911E /* Accounts.framework */,
				D980B2821CF6385100CC911E /* Social.framework */,
				46901FD4DEF8F413CAFAF9C1 /* libPods-TwitterClient.a */,
				0644B1669EE58C2937F36F9C /* libPods-TwitterClientTests.a */,
			);
			name = Frameworks;
			sourceTree = "<group>";
		};
		5D4A8934EE483F8F11BFF17F /* Pods */ = {
			isa = PBXGroup;
			children = (
				C4D7337A4819AFD5A09ABF93 /* Pods-TwitterClient.debug.xcconfig */,
				85AAAEEB01BC68D7D3219A21 /* Pods-TwitterClient.release.xcconfig */,
				63F94D44356F4AA0B10918A6 /* Pods-TwitterClientTests.debug.xcconfig */,
				F662FB75C2225C903FB7C44E /* Pods-TwitterClientTests.release.xcconfig */,
			);
			name = Pods;
			sourceTree = "<group>";
		};
		D980B2411CF6239700CC911E = {
			isa = PBXGroup;
			children = (
				D980B24C1CF6239700CC911E /* TwitterClient */,
				D980B2691CF6239700CC911E /* TwitterClientTests */,
				D980B24B1CF6239700CC911E /* Products */,
				5D4A8934EE483F8F11BFF17F /* Pods */,
				2FAC65E536BC0500B53F3708 /* Frameworks */,
			);
			sourceTree = "<group>";
		};
		D980B24B1CF6239700CC911E /* Products */ = {
			isa = PBXGroup;
			children = (
				D980B24A1CF6239700CC911E /* TwitterClient.app */,
				D980B2661CF6239700CC911E /* TwitterClientTests.xctest */,
			);
			name = Products;
			sourceTree = "<group>";
		};
		D980B24C1CF6239700CC911E /* TwitterClient */ = {
			isa = PBXGroup;
			children = (
				D980B2751CF6241800CC911E /* Sources */,
				D980B27E1CF6245C00CC911E /* Resources */,
			);
			path = TwitterClient;
			sourceTree = "<group>";
		};
		D980B2691CF6239700CC911E /* TwitterClientTests */ = {
			isa = PBXGroup;
			children = (
				D980B28A1CF65FBA00CC911E /* Sources */,
				EB2110321CF6FEF500D191C0 /* Resources */,
				D980B26A1CF6239700CC911E /* TwitterClientTests.m */,
				D980B26C1CF6239700CC911E /* Info.plist */,
			);
			path = TwitterClientTests;
			sourceTree = "<group>";
		};
		D980B2751CF6241800CC911E /* Sources */ = {
			isa = PBXGroup;
			children = (
				EB2110351CF71F2700D191C0 /* ViewModels */,
				EB2110071CF6F1B900D191C0 /* ViewControllers */,
				D980B2861CF6422A00CC911E /* Model */,
				EB21101D1CF6F6DA00D191C0 /* ClassExtensions */,
				D980B2761CF6245800CC911E /* TCAppDelegate.h */,
				D980B2771CF6245800CC911E /* TCAppDelegate.m */,
				D980B2811CF6248600CC911E /* Supporting Files */,
			);
			path = Sources;
			sourceTree = "<group>";
		};
		D980B27E1CF6245C00CC911E /* Resources */ = {
			isa = PBXGroup;
			children = (
				D980B2561CF6239700CC911E /* Main.storyboard */,
				D980B25C1CF6239700CC911E /* Assets.xcassets */,
				D980B25E1CF6239700CC911E /* LaunchScreen.storyboard */,
				D980B2611CF6239700CC911E /* Info.plist */,
				D980B2591CF6239700CC911E /* TwitterClient.xcdatamodeld */,
			);
			path = Resources;
			sourceTree = "<group>";
		};
		D980B2811CF6248600CC911E /* Supporting Files */ = {
			isa = PBXGroup;
			children = (
				D980B27F1CF6247D00CC911E /* main.m */,
			);
			name = "Supporting Files";
			sourceTree = "<group>";
		};
		D980B2861CF6422A00CC911E /* Model */ = {
			isa = PBXGroup;
			children = (
				EB2110081CF6F5D000D191C0 /* CoreDataMappings */,
				D980B2871CF6429A00CC911E /* TCTwitterClient.h */,
				D980B2881CF6429A00CC911E /* TCTwitterClient.m */,
				EB21102C1CF6FDC400D191C0 /* TCTwitterTimeLineDeserializer.h */,
				EB21102D1CF6FDC400D191C0 /* TCTwitterTimeLineDeserializer.m */,
				D90681781CF78C61007C2840 /* TCAccountManager.h */,
				D90681791CF78C61007C2840 /* TCAccountManager.m */,
			);
			path = Model;
			sourceTree = "<group>";
		};
		D980B28A1CF65FBA00CC911E /* Sources */ = {
			isa = PBXGroup;
			children = (
				EB2110281CF6FCC200D191C0 /* ClassExtensions */,
				EB2110231CF6FBBC00D191C0 /* Tests */,
			);
			path = Sources;
			sourceTree = "<group>";
		};
		EB2110071CF6F1B900D191C0 /* ViewControllers */ = {
			isa = PBXGroup;
			children = (
				D980B2791CF6245800CC911E /* TCViewController.h */,
				D980B27A1CF6245800CC911E /* TCViewController.m */,
				EB21103B1CF7323500D191C0 /* TCInitialViewController.h */,
				EB21103C1CF7323500D191C0 /* TCInitialViewController.m */,
			);
			path = ViewControllers;
			sourceTree = "<group>";
		};
		EB2110081CF6F5D000D191C0 /* CoreDataMappings */ = {
			isa = PBXGroup;
			children = (
				EB2110111CF6F62F00D191C0 /* TCAccount+CoreDataProperties.h */,
				EB2110121CF6F62F00D191C0 /* TCAccount+CoreDataProperties.m */,
				EB2110131CF6F62F00D191C0 /* TCAccount.h */,
				EB2110141CF6F62F00D191C0 /* TCAccount.m */,
				EB2110151CF6F62F00D191C0 /* TCTimeLineItem+CoreDataProperties.h */,
				EB2110161CF6F62F00D191C0 /* TCTimeLineItem+CoreDataProperties.m */,
				EB2110171CF6F62F00D191C0 /* TCTimeLineItem.h */,
				EB2110181CF6F62F00D191C0 /* TCTimeLineItem.m */,
			);
			path = CoreDataMappings;
			sourceTree = "<group>";
		};
		EB21101D1CF6F6DA00D191C0 /* ClassExtensions */ = {
			isa = PBXGroup;
			children = (
				EB21101E1CF6F72D00D191C0 /* NSManagedObjectContext+TwitterClient.h */,
				EB21101F1CF6F72D00D191C0 /* NSManagedObjectContext+TwitterClient.m */,
			);
			path = ClassExtensions;
			sourceTree = "<group>";
		};
		EB2110231CF6FBBC00D191C0 /* Tests */ = {
			isa = PBXGroup;
			children = (
				EB2110241CF6FC9900D191C0 /* NSManagedObjectContext+TwitterClientTest.m */,
				EB2110251CF6FC9900D191C0 /* TCTwitterClientTest.m */,
				EB21102F1CF6FE7C00D191C0 /* TCTwitterTimeLineDeserializerTest.m */,
				EB2110391CF71F7500D191C0 /* TCTimeLineViewModelTest.m */,
				D906817B1CF78C7B007C2840 /* TCAccountManagerTest.m */,
			);
			path = Tests;
			sourceTree = "<group>";
		};
		EB2110281CF6FCC200D191C0 /* ClassExtensions */ = {
			isa = PBXGroup;
			children = (
				EB2110291CF6FCE500D191C0 /* NSManagedObjectContext+TwitterClientTests.h */,
				EB21102A1CF6FCE500D191C0 /* NSManagedObjectContext+TwitterClientTests.m */,
			);
			path = ClassExtensions;
			sourceTree = "<group>";
		};
		EB2110321CF6FEF500D191C0 /* Resources */ = {
			isa = PBXGroup;
			children = (
				EB2110331CF6FF2F00D191C0 /* TimeLineResponse.json */,
			);
			path = Resources;
			sourceTree = "<group>";
		};
		EB2110351CF71F2700D191C0 /* ViewModels */ = {
			isa = PBXGroup;
			children = (
				EB2110361CF71F5700D191C0 /* TCTimeLineViewModel.h */,
				EB2110371CF71F5700D191C0 /* TCTimeLineViewModel.m */,
			);
			path = ViewModels;
			sourceTree = "<group>";
		};
/* End PBXGroup section */

/* Begin PBXNativeTarget section */
		D980B2491CF6239700CC911E /* TwitterClient */ = {
			isa = PBXNativeTarget;
			buildConfigurationList = D980B26F1CF6239700CC911E /* Build configuration list for PBXNativeTarget "TwitterClient" */;
			buildPhases = (
				76C5648C9CC69D46E3C33DAA /* Check Pods Manifest.lock */,
				D980B2461CF6239700CC911E /* Sources */,
				D980B2471CF6239700CC911E /* Frameworks */,
				D980B2481CF6239700CC911E /* Resources */,
				24126E2FDBAEA073244D3DB9 /* Embed Pods Frameworks */,
				3DB505EEB04A466B7EB11851 /* Copy Pods Resources */,
			);
			buildRules = (
			);
			dependencies = (
			);
			name = TwitterClient;
			productName = TwitterClient;
			productReference = D980B24A1CF6239700CC911E /* TwitterClient.app */;
			productType = "com.apple.product-type.application";
		};
		D980B2651CF6239700CC911E /* TwitterClientTests */ = {
			isa = PBXNativeTarget;
			buildConfigurationList = D980B2721CF6239700CC911E /* Build configuration list for PBXNativeTarget "TwitterClientTests" */;
			buildPhases = (
				400AC5C6ED6C914D34701C4A /* Check Pods Manifest.lock */,
				D980B2621CF6239700CC911E /* Sources */,
				D980B2631CF6239700CC911E /* Frameworks */,
				D980B2641CF6239700CC911E /* Resources */,
				BB5AA548DF9B20732D1B1A06 /* Embed Pods Frameworks */,
				F903DED9B5B361DF117C38B2 /* Copy Pods Resources */,
			);
			buildRules = (
			);
			dependencies = (
				D980B2681CF6239700CC911E /* PBXTargetDependency */,
			);
			name = TwitterClientTests;
			productName = TwitterClientTests;
			productReference = D980B2661CF6239700CC911E /* TwitterClientTests.xctest */;
			productType = "com.apple.product-type.bundle.unit-test";
		};
/* End PBXNativeTarget section */

/* Begin PBXProject section */
		D980B2421CF6239700CC911E /* Project object */ = {
			isa = PBXProject;
			attributes = {
				LastUpgradeCheck = 0730;
				ORGANIZATIONNAME = dmytro;
				TargetAttributes = {
					D980B2491CF6239700CC911E = {
						CreatedOnToolsVersion = 7.3.1;
					};
					D980B2651CF6239700CC911E = {
						CreatedOnToolsVersion = 7.3.1;
						TestTargetID = D980B2491CF6239700CC911E;
					};
				};
			};
			buildConfigurationList = D980B2451CF6239700CC911E /* Build configuration list for PBXProject "TwitterClient" */;
			compatibilityVersion = "Xcode 3.2";
			developmentRegion = English;
			hasScannedForEncodings = 0;
			knownRegions = (
				en,
				Base,
			);
			mainGroup = D980B2411CF6239700CC911E;
			productRefGroup = D980B24B1CF6239700CC911E /* Products */;
			projectDirPath = "";
			projectRoot = "";
			targets = (
				D980B2491CF6239700CC911E /* TwitterClient */,
				D980B2651CF6239700CC911E /* TwitterClientTests */,
			);
		};
/* End PBXProject section */

/* Begin PBXResourcesBuildPhase section */
		D980B2481CF6239700CC911E /* Resources */ = {
			isa = PBXResourcesBuildPhase;
			buildActionMask = 2147483647;
			files = (
				D980B2601CF6239700CC911E /* LaunchScreen.storyboard in Resources */,
				D980B25D1CF6239700CC911E /* Assets.xcassets in Resources */,
				D980B2581CF6239700CC911E /* Main.storyboard in Resources */,
			);
			runOnlyForDeploymentPostprocessing = 0;
		};
		D980B2641CF6239700CC911E /* Resources */ = {
			isa = PBXResourcesBuildPhase;
			buildActionMask = 2147483647;
			files = (
				EB2110341CF6FF2F00D191C0 /* TimeLineResponse.json in Resources */,
			);
			runOnlyForDeploymentPostprocessing = 0;
		};
/* End PBXResourcesBuildPhase section */

/* Begin PBXShellScriptBuildPhase section */
		24126E2FDBAEA073244D3DB9 /* Embed Pods Frameworks */ = {
			isa = PBXShellScriptBuildPhase;
			buildActionMask = 2147483647;
			files = (
			);
			inputPaths = (
			);
			name = "Embed Pods Frameworks";
			outputPaths = (
			);
			runOnlyForDeploymentPostprocessing = 0;
			shellPath = /bin/sh;
			shellScript = "\"${SRCROOT}/Pods/Target Support Files/Pods-TwitterClient/Pods-TwitterClient-frameworks.sh\"\n";
			showEnvVarsInLog = 0;
		};
		3DB505EEB04A466B7EB11851 /* Copy Pods Resources */ = {
			isa = PBXShellScriptBuildPhase;
			buildActionMask = 2147483647;
			files = (
			);
			inputPaths = (
			);
			name = "Copy Pods Resources";
			outputPaths = (
			);
			runOnlyForDeploymentPostprocessing = 0;
			shellPath = /bin/sh;
			shellScript = "\"${SRCROOT}/Pods/Target Support Files/Pods-TwitterClient/Pods-TwitterClient-resources.sh\"\n";
			showEnvVarsInLog = 0;
		};
		400AC5C6ED6C914D34701C4A /* Check Pods Manifest.lock */ = {
			isa = PBXShellScriptBuildPhase;
			buildActionMask = 2147483647;
			files = (
			);
			inputPaths = (
			);
			name = "Check Pods Manifest.lock";
			outputPaths = (
			);
			runOnlyForDeploymentPostprocessing = 0;
			shellPath = /bin/sh;
			shellScript = "diff \"${PODS_ROOT}/../Podfile.lock\" \"${PODS_ROOT}/Manifest.lock\" > /dev/null\nif [[ $? != 0 ]] ; then\n    cat << EOM\nerror: The sandbox is not in sync with the Podfile.lock. Run 'pod install' or update your CocoaPods installation.\nEOM\n    exit 1\nfi\n";
			showEnvVarsInLog = 0;
		};
		76C5648C9CC69D46E3C33DAA /* Check Pods Manifest.lock */ = {
			isa = PBXShellScriptBuildPhase;
			buildActionMask = 2147483647;
			files = (
			);
			inputPaths = (
			);
			name = "Check Pods Manifest.lock";
			outputPaths = (
			);
			runOnlyForDeploymentPostprocessing = 0;
			shellPath = /bin/sh;
			shellScript = "diff \"${PODS_ROOT}/../Podfile.lock\" \"${PODS_ROOT}/Manifest.lock\" > /dev/null\nif [[ $? != 0 ]] ; then\n    cat << EOM\nerror: The sandbox is not in sync with the Podfile.lock. Run 'pod install' or update your CocoaPods installation.\nEOM\n    exit 1\nfi\n";
			showEnvVarsInLog = 0;
		};
		BB5AA548DF9B20732D1B1A06 /* Embed Pods Frameworks */ = {
			isa = PBXShellScriptBuildPhase;
			buildActionMask = 2147483647;
			files = (
			);
			inputPaths = (
			);
			name = "Embed Pods Frameworks";
			outputPaths = (
			);
			runOnlyForDeploymentPostprocessing = 0;
			shellPath = /bin/sh;
			shellScript = "\"${SRCROOT}/Pods/Target Support Files/Pods-TwitterClientTests/Pods-TwitterClientTests-frameworks.sh\"\n";
			showEnvVarsInLog = 0;
		};
		F903DED9B5B361DF117C38B2 /* Copy Pods Resources */ = {
			isa = PBXShellScriptBuildPhase;
			buildActionMask = 2147483647;
			files = (
			);
			inputPaths = (
			);
			name = "Copy Pods Resources";
			outputPaths = (
			);
			runOnlyForDeploymentPostprocessing = 0;
			shellPath = /bin/sh;
			shellScript = "\"${SRCROOT}/Pods/Target Support Files/Pods-TwitterClientTests/Pods-TwitterClientTests-resources.sh\"\n";
			showEnvVarsInLog = 0;
		};
/* End PBXShellScriptBuildPhase section */

/* Begin PBXSourcesBuildPhase section */
		D980B2461CF6239700CC911E /* Sources */ = {
			isa = PBXSourcesBuildPhase;
			buildActionMask = 2147483647;
			files = (
				D906817A1CF78C61007C2840 /* TCAccountManager.m in Sources */,
				EB2110191CF6F62F00D191C0 /* TCAccount+CoreDataProperties.m in Sources */,
				D980B2891CF6429A00CC911E /* TCTwitterClient.m in Sources */,
				EB2110381CF71F5700D191C0 /* TCTimeLineViewModel.m in Sources */,
				EB21101C1CF6F62F00D191C0 /* TCTimeLineItem.m in Sources */,
				EB21102E1CF6FDC400D191C0 /* TCTwitterTimeLineDeserializer.m in Sources */,
				D980B25B1CF6239700CC911E /* TwitterClient.xcdatamodeld in Sources */,
				EB21101A1CF6F62F00D191C0 /* TCAccount.m in Sources */,
				D980B27B1CF6245800CC911E /* TCAppDelegate.m in Sources */,
				EB2110201CF6F72D00D191C0 /* NSManagedObjectContext+TwitterClient.m in Sources */,
				EB21103D1CF7323500D191C0 /* TCInitialViewController.m in Sources */,
				D980B2801CF6247D00CC911E /* main.m in Sources */,
				EB21101B1CF6F62F00D191C0 /* TCTimeLineItem+CoreDataProperties.m in Sources */,
				D980B27D1CF6245800CC911E /* TCViewController.m in Sources */,
			);
			runOnlyForDeploymentPostprocessing = 0;
		};
		D980B2621CF6239700CC911E /* Sources */ = {
			isa = PBXSourcesBuildPhase;
			buildActionMask = 2147483647;
			files = (
				EB2110301CF6FE7C00D191C0 /* TCTwitterTimeLineDeserializerTest.m in Sources */,
				EB21102B1CF6FCE500D191C0 /* NSManagedObjectContext+TwitterClientTests.m in Sources */,
				EB2110261CF6FC9900D191C0 /* NSManagedObjectContext+TwitterClientTest.m in Sources */,
				EB2110271CF6FC9900D191C0 /* TCTwitterClientTest.m in Sources */,
				D906817C1CF78C7B007C2840 /* TCAccountManagerTest.m in Sources */,
				EB21103A1CF71F7500D191C0 /* TCTimeLineViewModelTest.m in Sources */,
				D980B26B1CF6239700CC911E /* TwitterClientTests.m in Sources */,
			);
			runOnlyForDeploymentPostprocessing = 0;
		};
/* End PBXSourcesBuildPhase section */

/* Begin PBXTargetDependency section */
		D980B2681CF6239700CC911E /* PBXTargetDependency */ = {
			isa = PBXTargetDependency;
			target = D980B2491CF6239700CC911E /* TwitterClient */;
			targetProxy = D980B2671CF6239700CC911E /* PBXContainerItemProxy */;
		};
/* End PBXTargetDependency section */

/* Begin PBXVariantGroup section */
		D980B2561CF6239700CC911E /* Main.storyboard */ = {
			isa = PBXVariantGroup;
			children = (
				D980B2571CF6239700CC911E /* Base */,
			);
			name = Main.storyboard;
			sourceTree = "<group>";
		};
		D980B25E1CF6239700CC911E /* LaunchScreen.storyboard */ = {
			isa = PBXVariantGroup;
			children = (
				D980B25F1CF6239700CC911E /* Base */,
			);
			name = LaunchScreen.storyboard;
			sourceTree = "<group>";
		};
/* End PBXVariantGroup section */

/* Begin XCBuildConfiguration section */
		D980B26D1CF6239700CC911E /* Debug */ = {
			isa = XCBuildConfiguration;
			buildSettings = {
				ALWAYS_SEARCH_USER_PATHS = NO;
				CLANG_ANALYZER_NONNULL = YES;
				CLANG_CXX_LANGUAGE_STANDARD = "gnu++0x";
				CLANG_CXX_LIBRARY = "libc++";
				CLANG_ENABLE_MODULES = YES;
				CLANG_ENABLE_OBJC_ARC = YES;
				CLANG_WARN_BOOL_CONVERSION = YES;
				CLANG_WARN_CONSTANT_CONVERSION = YES;
				CLANG_WARN_DIRECT_OBJC_ISA_USAGE = YES_ERROR;
				CLANG_WARN_EMPTY_BODY = YES;
				CLANG_WARN_ENUM_CONVERSION = YES;
				CLANG_WARN_INT_CONVERSION = YES;
				CLANG_WARN_OBJC_ROOT_CLASS = YES_ERROR;
				CLANG_WARN_UNREACHABLE_CODE = YES;
				CLANG_WARN__DUPLICATE_METHOD_MATCH = YES;
				"CODE_SIGN_IDENTITY[sdk=iphoneos*]" = "iPhone Developer";
				COPY_PHASE_STRIP = NO;
				DEBUG_INFORMATION_FORMAT = dwarf;
				ENABLE_STRICT_OBJC_MSGSEND = YES;
				ENABLE_TESTABILITY = YES;
				GCC_C_LANGUAGE_STANDARD = gnu99;
				GCC_DYNAMIC_NO_PIC = NO;
				GCC_NO_COMMON_BLOCKS = YES;
				GCC_OPTIMIZATION_LEVEL = 0;
				GCC_PREPROCESSOR_DEFINITIONS = (
					"DEBUG=1",
					"$(inherited)",
				);
				GCC_WARN_64_TO_32_BIT_CONVERSION = YES;
				GCC_WARN_ABOUT_RETURN_TYPE = YES_ERROR;
				GCC_WARN_UNDECLARED_SELECTOR = YES;
				GCC_WARN_UNINITIALIZED_AUTOS = YES_AGGRESSIVE;
				GCC_WARN_UNUSED_FUNCTION = YES;
				GCC_WARN_UNUSED_VARIABLE = YES;
				IPHONEOS_DEPLOYMENT_TARGET = 9.3;
				MTL_ENABLE_DEBUG_INFO = YES;
				ONLY_ACTIVE_ARCH = YES;
				SDKROOT = iphoneos;
				TARGETED_DEVICE_FAMILY = "1,2";
			};
			name = Debug;
		};
		D980B26E1CF6239700CC911E /* Release */ = {
			isa = XCBuildConfiguration;
			buildSettings = {
				ALWAYS_SEARCH_USER_PATHS = NO;
				CLANG_ANALYZER_NONNULL = YES;
				CLANG_CXX_LANGUAGE_STANDARD = "gnu++0x";
				CLANG_CXX_LIBRARY = "libc++";
				CLANG_ENABLE_MODULES = YES;
				CLANG_ENABLE_OBJC_ARC = YES;
				CLANG_WARN_BOOL_CONVERSION = YES;
				CLANG_WARN_CONSTANT_CONVERSION = YES;
				CLANG_WARN_DIRECT_OBJC_ISA_USAGE = YES_ERROR;
				CLANG_WARN_EMPTY_BODY = YES;
				CLANG_WARN_ENUM_CONVERSION = YES;
				CLANG_WARN_INT_CONVERSION = YES;
				CLANG_WARN_OBJC_ROOT_CLASS = YES_ERROR;
				CLANG_WARN_UNREACHABLE_CODE = YES;
				CLANG_WARN__DUPLICATE_METHOD_MATCH = YES;
				"CODE_SIGN_IDENTITY[sdk=iphoneos*]" = "iPhone Developer";
				COPY_PHASE_STRIP = NO;
				DEBUG_INFORMATION_FORMAT = "dwarf-with-dsym";
				ENABLE_NS_ASSERTIONS = NO;
				ENABLE_STRICT_OBJC_MSGSEND = YES;
				GCC_C_LANGUAGE_STANDARD = gnu99;
				GCC_NO_COMMON_BLOCKS = YES;
				GCC_WARN_64_TO_32_BIT_CONVERSION = YES;
				GCC_WARN_ABOUT_RETURN_TYPE = YES_ERROR;
				GCC_WARN_UNDECLARED_SELECTOR = YES;
				GCC_WARN_UNINITIALIZED_AUTOS = YES_AGGRESSIVE;
				GCC_WARN_UNUSED_FUNCTION = YES;
				GCC_WARN_UNUSED_VARIABLE = YES;
				IPHONEOS_DEPLOYMENT_TARGET = 9.3;
				MTL_ENABLE_DEBUG_INFO = NO;
				SDKROOT = iphoneos;
				TARGETED_DEVICE_FAMILY = "1,2";
				VALIDATE_PRODUCT = YES;
			};
			name = Release;
		};
		D980B2701CF6239700CC911E /* Debug */ = {
			isa = XCBuildConfiguration;
			baseConfigurationReference = C4D7337A4819AFD5A09ABF93 /* Pods-TwitterClient.debug.xcconfig */;
			buildSettings = {
				ASSETCATALOG_COMPILER_APPICON_NAME = AppIcon;
				CLANG_ENABLE_MODULES = YES;
				INFOPLIST_FILE = TwitterClient/Resources/Info.plist;
				LD_RUNPATH_SEARCH_PATHS = "$(inherited) @executable_path/Frameworks";
				PRODUCT_BUNDLE_IDENTIFIER = com.dmytro.TwitterClient;
				PRODUCT_NAME = "$(TARGET_NAME)";
				SWIFT_OPTIMIZATION_LEVEL = "-Onone";
			};
			name = Debug;
		};
		D980B2711CF6239700CC911E /* Release */ = {
			isa = XCBuildConfiguration;
			baseConfigurationReference = 85AAAEEB01BC68D7D3219A21 /* Pods-TwitterClient.release.xcconfig */;
			buildSettings = {
				ASSETCATALOG_COMPILER_APPICON_NAME = AppIcon;
				CLANG_ENABLE_MODULES = YES;
				INFOPLIST_FILE = TwitterClient/Resources/Info.plist;
				LD_RUNPATH_SEARCH_PATHS = "$(inherited) @executable_path/Frameworks";
				PRODUCT_BUNDLE_IDENTIFIER = com.dmytro.TwitterClient;
				PRODUCT_NAME = "$(TARGET_NAME)";
			};
			name = Release;
		};
		D980B2731CF6239700CC911E /* Debug */ = {
			isa = XCBuildConfiguration;
			baseConfigurationReference = 63F94D44356F4AA0B10918A6 /* Pods-TwitterClientTests.debug.xcconfig */;
			buildSettings = {
				BUNDLE_LOADER = "$(TEST_HOST)";
				INFOPLIST_FILE = TwitterClientTests/Info.plist;
				LD_RUNPATH_SEARCH_PATHS = "$(inherited) @executable_path/Frameworks @loader_path/Frameworks";
				PRODUCT_BUNDLE_IDENTIFIER = com.dmytro.TwitterClientTests;
				PRODUCT_NAME = "$(TARGET_NAME)";
				TEST_HOST = "$(BUILT_PRODUCTS_DIR)/TwitterClient.app/TwitterClient";
			};
			name = Debug;
		};
		D980B2741CF6239700CC911E /* Release */ = {
			isa = XCBuildConfiguration;
			baseConfigurationReference = F662FB75C2225C903FB7C44E /* Pods-TwitterClientTests.release.xcconfig */;
			buildSettings = {
				BUNDLE_LOADER = "$(TEST_HOST)";
				INFOPLIST_FILE = TwitterClientTests/Info.plist;
				LD_RUNPATH_SEARCH_PATHS = "$(inherited) @executable_path/Frameworks @loader_path/Frameworks";
				PRODUCT_BUNDLE_IDENTIFIER = com.dmytro.TwitterClientTests;
				PRODUCT_NAME = "$(TARGET_NAME)";
				TEST_HOST = "$(BUILT_PRODUCTS_DIR)/TwitterClient.app/TwitterClient";
			};
			name = Release;
		};
/* End XCBuildConfiguration section */

/* Begin XCConfigurationList section */
		D980B2451CF6239700CC911E /* Build configuration list for PBXProject "TwitterClient" */ = {
			isa = XCConfigurationList;
			buildConfigurations = (
				D980B26D1CF6239700CC911E /* Debug */,
				D980B26E1CF6239700CC911E /* Release */,
			);
			defaultConfigurationIsVisible = 0;
			defaultConfigurationName = Release;
		};
		D980B26F1CF6239700CC911E /* Build configuration list for PBXNativeTarget "TwitterClient" */ = {
			isa = XCConfigurationList;
			buildConfigurations = (
				D980B2701CF6239700CC911E /* Debug */,
				D980B2711CF6239700CC911E /* Release */,
			);
			defaultConfigurationIsVisible = 0;
			defaultConfigurationName = Release;
		};
		D980B2721CF6239700CC911E /* Build configuration list for PBXNativeTarget "TwitterClientTests" */ = {
			isa = XCConfigurationList;
			buildConfigurations = (
				D980B2731CF6239700CC911E /* Debug */,
				D980B2741CF6239700CC911E /* Release */,
			);
			defaultConfigurationIsVisible = 0;
			defaultConfigurationName = Release;
		};
/* End XCConfigurationList section */

/* Begin XCVersionGroup section */
		D980B2591CF6239700CC911E /* TwitterClient.xcdatamodeld */ = {
			isa = XCVersionGroup;
			children = (
				D980B25A1CF6239700CC911E /* TwitterClient.xcdatamodel */,
			);
			currentVersion = D980B25A1CF6239700CC911E /* TwitterClient.xcdatamodel */;
			path = TwitterClient.xcdatamodeld;
			sourceTree = "<group>";
			versionGroupType = wrapper.xcdatamodel;
		};
/* End XCVersionGroup section */
	};
	rootObject = D980B2421CF6239700CC911E /* Project object */;
}
